// !$*UTF8*$!
{
	archiveVersion = 1;
	classes = {
	};
	objectVersion = 56;
	objects = {

/* Begin PBXBuildFile section */
		CE1DD3C42C31D7E3001E315B /* TrueShopaApp.swift in Sources */ = {isa = PBXBuildFile; fileRef = CE1DD3C32C31D7E3001E315B /* TrueShopaApp.swift */; };
		CE1DD3C62C31D7E3001E315B /* ContentView.swift in Sources */ = {isa = PBXBuildFile; fileRef = CE1DD3C52C31D7E3001E315B /* ContentView.swift */; };
		CE1DD3C82C31D7E5001E315B /* Assets.xcassets in Resources */ = {isa = PBXBuildFile; fileRef = CE1DD3C72C31D7E5001E315B /* Assets.xcassets */; };
		CE1DD3CB2C31D7E5001E315B /* Preview Assets.xcassets in Resources */ = {isa = PBXBuildFile; fileRef = CE1DD3CA2C31D7E5001E315B /* Preview Assets.xcassets */; };
		CEB66E702C31E8970094865D /* HomeView.swift in Sources */ = {isa = PBXBuildFile; fileRef = CEB66E6F2C31E8970094865D /* HomeView.swift */; };
		CEB66E722C31E8B70094865D /* CheckoutView.swift in Sources */ = {isa = PBXBuildFile; fileRef = CEB66E712C31E8B70094865D /* CheckoutView.swift */; };
		CEB66E742C31E8C70094865D /* ProfileView.swift in Sources */ = {isa = PBXBuildFile; fileRef = CEB66E732C31E8C70094865D /* ProfileView.swift */; };
		CEB66E762C31E9460094865D /* OnboardingView.swift in Sources */ = {isa = PBXBuildFile; fileRef = CEB66E752C31E9460094865D /* OnboardingView.swift */; };
		CEB66E792C31EF1E0094865D /* PrimaryButton.swift in Sources */ = {isa = PBXBuildFile; fileRef = CEB66E782C31EF1E0094865D /* PrimaryButton.swift */; };
		CEB66E7B2C31F8270094865D /* HomeTab.swift in Sources */ = {isa = PBXBuildFile; fileRef = CEB66E7A2C31F8270094865D /* HomeTab.swift */; };
		CEB66E7F2C321D8F0094865D /* ShopItem.swift in Sources */ = {isa = PBXBuildFile; fileRef = CEB66E7E2C321D8F0094865D /* ShopItem.swift */; };
		CEB66E822C321E0E0094865D /* Items.swift in Sources */ = {isa = PBXBuildFile; fileRef = CEB66E812C321E0E0094865D /* Items.swift */; };
		CEB66E842C3234EA0094865D /* AddButton.swift in Sources */ = {isa = PBXBuildFile; fileRef = CEB66E832C3234EA0094865D /* AddButton.swift */; };
		CEB66E872C3250070094865D /* CheckoutViewModel.swift in Sources */ = {isa = PBXBuildFile; fileRef = CEB66E862C3250070094865D /* CheckoutViewModel.swift */; };
		CEB66E8B2C325BB10094865D /* Toast.swift in Sources */ = {isa = PBXBuildFile; fileRef = CEB66E8A2C325BB10094865D /* Toast.swift */; };
		CEB66E8D2C3264F30094865D /* CheckoutSuccessView.swift in Sources */ = {isa = PBXBuildFile; fileRef = CEB66E8C2C3264F30094865D /* CheckoutSuccessView.swift */; };
/* End PBXBuildFile section */

/* Begin PBXFileReference section */
		CE1DD3C02C31D7E3001E315B /* TrueShopa.app */ = {isa = PBXFileReference; explicitFileType = wrapper.application; includeInIndex = 0; path = TrueShopa.app; sourceTree = BUILT_PRODUCTS_DIR; };
		CE1DD3C32C31D7E3001E315B /* TrueShopaApp.swift */ = {isa = PBXFileReference; lastKnownFileType = sourcecode.swift; path = TrueShopaApp.swift; sourceTree = "<group>"; };
		CE1DD3C52C31D7E3001E315B /* ContentView.swift */ = {isa = PBXFileReference; lastKnownFileType = sourcecode.swift; path = ContentView.swift; sourceTree = "<group>"; };
		CE1DD3C72C31D7E5001E315B /* Assets.xcassets */ = {isa = PBXFileReference; lastKnownFileType = folder.assetcatalog; path = Assets.xcassets; sourceTree = "<group>"; };
		CE1DD3CA2C31D7E5001E315B /* Preview Assets.xcassets */ = {isa = PBXFileReference; lastKnownFileType = folder.assetcatalog; path = "Preview Assets.xcassets"; sourceTree = "<group>"; };
		CEB66E6F2C31E8970094865D /* HomeView.swift */ = {isa = PBXFileReference; lastKnownFileType = sourcecode.swift; path = HomeView.swift; sourceTree = "<group>"; };
		CEB66E712C31E8B70094865D /* CheckoutView.swift */ = {isa = PBXFileReference; lastKnownFileType = sourcecode.swift; path = CheckoutView.swift; sourceTree = "<group>"; };
		CEB66E732C31E8C70094865D /* ProfileView.swift */ = {isa = PBXFileReference; lastKnownFileType = sourcecode.swift; path = ProfileView.swift; sourceTree = "<group>"; };
		CEB66E752C31E9460094865D /* OnboardingView.swift */ = {isa = PBXFileReference; lastKnownFileType = sourcecode.swift; path = OnboardingView.swift; sourceTree = "<group>"; };
		CEB66E782C31EF1E0094865D /* PrimaryButton.swift */ = {isa = PBXFileReference; lastKnownFileType = sourcecode.swift; path = PrimaryButton.swift; sourceTree = "<group>"; };
		CEB66E7A2C31F8270094865D /* HomeTab.swift */ = {isa = PBXFileReference; lastKnownFileType = sourcecode.swift; path = HomeTab.swift; sourceTree = "<group>"; };
		CEB66E7E2C321D8F0094865D /* ShopItem.swift */ = {isa = PBXFileReference; lastKnownFileType = sourcecode.swift; path = ShopItem.swift; sourceTree = "<group>"; };
		CEB66E812C321E0E0094865D /* Items.swift */ = {isa = PBXFileReference; lastKnownFileType = sourcecode.swift; path = Items.swift; sourceTree = "<group>"; };
		CEB66E832C3234EA0094865D /* AddButton.swift */ = {isa = PBXFileReference; lastKnownFileType = sourcecode.swift; path = AddButton.swift; sourceTree = "<group>"; };
		CEB66E862C3250070094865D /* CheckoutViewModel.swift */ = {isa = PBXFileReference; lastKnownFileType = sourcecode.swift; path = CheckoutViewModel.swift; sourceTree = "<group>"; };
		CEB66E8A2C325BB10094865D /* Toast.swift */ = {isa = PBXFileReference; lastKnownFileType = sourcecode.swift; path = Toast.swift; sourceTree = "<group>"; };
		CEB66E8C2C3264F30094865D /* CheckoutSuccessView.swift */ = {isa = PBXFileReference; lastKnownFileType = sourcecode.swift; path = CheckoutSuccessView.swift; sourceTree = "<group>"; };
/* End PBXFileReference section */

/* Begin PBXFrameworksBuildPhase section */
		CE1DD3BD2C31D7E3001E315B /* Frameworks */ = {
			isa = PBXFrameworksBuildPhase;
			buildActionMask = 2147483647;
			files = (
			);
			runOnlyForDeploymentPostprocessing = 0;
		};
/* End PBXFrameworksBuildPhase section */

/* Begin PBXGroup section */
		CE1DD3B72C31D7E3001E315B = {
			isa = PBXGroup;
			children = (
				CE1DD3C22C31D7E3001E315B /* TrueShopa */,
				CE1DD3C12C31D7E3001E315B /* Products */,
			);
			sourceTree = "<group>";
		};
		CE1DD3C12C31D7E3001E315B /* Products */ = {
			isa = PBXGroup;
			children = (
				CE1DD3C02C31D7E3001E315B /* TrueShopa.app */,
			);
			name = Products;
			sourceTree = "<group>";
		};
		CE1DD3C22C31D7E3001E315B /* TrueShopa */ = {
			isa = PBXGroup;
			children = (
				CEB66E6E2C31E8310094865D /* Views */,
				CEB66E6D2C31E8220094865D /* Models */,
				CEB66E852C324FE00094865D /* View Models */,
				CEB66E772C31EEAA0094865D /* Components */,
				CEB66E802C321DEF0094865D /* Data */,
				CE1DD3C32C31D7E3001E315B /* TrueShopaApp.swift */,
				CE1DD3C52C31D7E3001E315B /* ContentView.swift */,
				CE1DD3C72C31D7E5001E315B /* Assets.xcassets */,
				CE1DD3C92C31D7E5001E315B /* Preview Content */,
			);
			path = TrueShopa;
			sourceTree = "<group>";
		};
		CE1DD3C92C31D7E5001E315B /* Preview Content */ = {
			isa = PBXGroup;
			children = (
				CE1DD3CA2C31D7E5001E315B /* Preview Assets.xcassets */,
			);
			path = "Preview Content";
			sourceTree = "<group>";
		};
		CEB66E6D2C31E8220094865D /* Models */ = {
			isa = PBXGroup;
			children = (
				CEB66E7E2C321D8F0094865D /* ShopItem.swift */,
			);
			path = Models;
			sourceTree = "<group>";
		};
		CEB66E6E2C31E8310094865D /* Views */ = {
			isa = PBXGroup;
			children = (
				CEB66E752C31E9460094865D /* OnboardingView.swift */,
				CEB66E6F2C31E8970094865D /* HomeView.swift */,
				CEB66E712C31E8B70094865D /* CheckoutView.swift */,
				CEB66E732C31E8C70094865D /* ProfileView.swift */,
				CEB66E7A2C31F8270094865D /* HomeTab.swift */,
				CEB66E8C2C3264F30094865D /* CheckoutSuccessView.swift */,
			);
			path = Views;
			sourceTree = "<group>";
		};
		CEB66E772C31EEAA0094865D /* Components */ = {
			isa = PBXGroup;
			children = (
				CEB66E782C31EF1E0094865D /* PrimaryButton.swift */,
				CEB66E832C3234EA0094865D /* AddButton.swift */,
				CEB66E8A2C325BB10094865D /* Toast.swift */,
			);
			path = Components;
			sourceTree = "<group>";
		};
		CEB66E802C321DEF0094865D /* Data */ = {
			isa = PBXGroup;
			children = (
				CEB66E812C321E0E0094865D /* Items.swift */,
			);
			path = Data;
			sourceTree = "<group>";
		};
		CEB66E852C324FE00094865D /* View Models */ = {
			isa = PBXGroup;
			children = (
				CEB66E862C3250070094865D /* CheckoutViewModel.swift */,
			);
			path = "View Models";
			sourceTree = "<group>";
		};
/* End PBXGroup section */

/* Begin PBXNativeTarget section */
		CE1DD3BF2C31D7E3001E315B /* TrueShopa */ = {
			isa = PBXNativeTarget;
			buildConfigurationList = CE1DD3CE2C31D7E5001E315B /* Build configuration list for PBXNativeTarget "TrueShopa" */;
			buildPhases = (
				CE1DD3BC2C31D7E3001E315B /* Sources */,
				CE1DD3BD2C31D7E3001E315B /* Frameworks */,
				CE1DD3BE2C31D7E3001E315B /* Resources */,
			);
			buildRules = (
			);
			dependencies = (
			);
			name = TrueShopa;
			productName = TrueShopa;
			productReference = CE1DD3C02C31D7E3001E315B /* TrueShopa.app */;
			productType = "com.apple.product-type.application";
		};
/* End PBXNativeTarget section */

/* Begin PBXProject section */
		CE1DD3B82C31D7E3001E315B /* Project object */ = {
			isa = PBXProject;
			attributes = {
				BuildIndependentTargetsInParallel = 1;
				LastSwiftUpdateCheck = 1500;
				LastUpgradeCheck = 1500;
				TargetAttributes = {
					CE1DD3BF2C31D7E3001E315B = {
						CreatedOnToolsVersion = 15.0.1;
					};
				};
			};
			buildConfigurationList = CE1DD3BB2C31D7E3001E315B /* Build configuration list for PBXProject "TrueShopa" */;
			compatibilityVersion = "Xcode 14.0";
			developmentRegion = en;
			hasScannedForEncodings = 0;
			knownRegions = (
				en,
				Base,
			);
			mainGroup = CE1DD3B72C31D7E3001E315B;
			productRefGroup = CE1DD3C12C31D7E3001E315B /* Products */;
			projectDirPath = "";
			projectRoot = "";
			targets = (
				CE1DD3BF2C31D7E3001E315B /* TrueShopa */,
			);
		};
/* End PBXProject section */

/* Begin PBXResourcesBuildPhase section */
		CE1DD3BE2C31D7E3001E315B /* Resources */ = {
			isa = PBXResourcesBuildPhase;
			buildActionMask = 2147483647;
			files = (
				CE1DD3CB2C31D7E5001E315B /* Preview Assets.xcassets in Resources */,
				CE1DD3C82C31D7E5001E315B /* Assets.xcassets in Resources */,
			);
			runOnlyForDeploymentPostprocessing = 0;
		};
/* End PBXResourcesBuildPhase section */

/* Begin PBXSourcesBuildPhase section */
		CE1DD3BC2C31D7E3001E315B /* Sources */ = {
			isa = PBXSourcesBuildPhase;
			buildActionMask = 2147483647;
			files = (
				CEB66E8B2C325BB10094865D /* Toast.swift in Sources */,
				CEB66E872C3250070094865D /* CheckoutViewModel.swift in Sources */,
				CEB66E702C31E8970094865D /* HomeView.swift in Sources */,
				CE1DD3C62C31D7E3001E315B /* ContentView.swift in Sources */,
				CEB66E7B2C31F8270094865D /* HomeTab.swift in Sources */,
				CEB66E7F2C321D8F0094865D /* ShopItem.swift in Sources */,
				CEB66E8D2C3264F30094865D /* CheckoutSuccessView.swift in Sources */,
				CEB66E742C31E8C70094865D /* ProfileView.swift in Sources */,
				CEB66E762C31E9460094865D /* OnboardingView.swift in Sources */,
				CEB66E842C3234EA0094865D /* AddButton.swift in Sources */,
				CEB66E822C321E0E0094865D /* Items.swift in Sources */,
				CEB66E792C31EF1E0094865D /* PrimaryButton.swift in Sources */,
				CEB66E722C31E8B70094865D /* CheckoutView.swift in Sources */,
				CE1DD3C42C31D7E3001E315B /* TrueShopaApp.swift in Sources */,
			);
			runOnlyForDeploymentPostprocessing = 0;
		};
/* End PBXSourcesBuildPhase section */

/* Begin XCBuildConfiguration section */
		CE1DD3CC2C31D7E5001E315B /* Debug */ = {
			isa = XCBuildConfiguration;
			buildSettings = {
				ALWAYS_SEARCH_USER_PATHS = NO;
				ASSETCATALOG_COMPILER_GENERATE_SWIFT_ASSET_SYMBOL_EXTENSIONS = YES;
				CLANG_ANALYZER_NONNULL = YES;
				CLANG_ANALYZER_NUMBER_OBJECT_CONVERSION = YES_AGGRESSIVE;
				CLANG_CXX_LANGUAGE_STANDARD = "gnu++20";
				CLANG_ENABLE_MODULES = YES;
				CLANG_ENABLE_OBJC_ARC = YES;
				CLANG_ENABLE_OBJC_WEAK = YES;
				CLANG_WARN_BLOCK_CAPTURE_AUTORELEASING = YES;
				CLANG_WARN_BOOL_CONVERSION = YES;
				CLANG_WARN_COMMA = YES;
				CLANG_WARN_CONSTANT_CONVERSION = YES;
				CLANG_WARN_DEPRECATED_OBJC_IMPLEMENTATIONS = YES;
				CLANG_WARN_DIRECT_OBJC_ISA_USAGE = YES_ERROR;
				CLANG_WARN_DOCUMENTATION_COMMENTS = YES;
				CLANG_WARN_EMPTY_BODY = YES;
				CLANG_WARN_ENUM_CONVERSION = YES;
				CLANG_WARN_INFINITE_RECURSION = YES;
				CLANG_WARN_INT_CONVERSION = YES;
				CLANG_WARN_NON_LITERAL_NULL_CONVERSION = YES;
				CLANG_WARN_OBJC_IMPLICIT_RETAIN_SELF = YES;
				CLANG_WARN_OBJC_LITERAL_CONVERSION = YES;
				CLANG_WARN_OBJC_ROOT_CLASS = YES_ERROR;
				CLANG_WARN_QUOTED_INCLUDE_IN_FRAMEWORK_HEADER = YES;
				CLANG_WARN_RANGE_LOOP_ANALYSIS = YES;
				CLANG_WARN_STRICT_PROTOTYPES = YES;
				CLANG_WARN_SUSPICIOUS_MOVE = YES;
				CLANG_WARN_UNGUARDED_AVAILABILITY = YES_AGGRESSIVE;
				CLANG_WARN_UNREACHABLE_CODE = YES;
				CLANG_WARN__DUPLICATE_METHOD_MATCH = YES;
				COPY_PHASE_STRIP = NO;
				DEBUG_INFORMATION_FORMAT = dwarf;
				ENABLE_STRICT_OBJC_MSGSEND = YES;
				ENABLE_TESTABILITY = YES;
				ENABLE_USER_SCRIPT_SANDBOXING = YES;
				GCC_C_LANGUAGE_STANDARD = gnu17;
				GCC_DYNAMIC_NO_PIC = NO;
				GCC_NO_COMMON_BLOCKS = YES;
				GCC_OPTIMIZATION_LEVEL = 0;
				GCC_PREPROCESSOR_DEFINITIONS = (
					"DEBUG=1",
					"$(inherited)",
				);
				GCC_WARN_64_TO_32_BIT_CONVERSION = YES;
				GCC_WARN_ABOUT_RETURN_TYPE = YES_ERROR;
				GCC_WARN_UNDECLARED_SELECTOR = YES;
				GCC_WARN_UNINITIALIZED_AUTOS = YES_AGGRESSIVE;
				GCC_WARN_UNUSED_FUNCTION = YES;
				GCC_WARN_UNUSED_VARIABLE = YES;
				IPHONEOS_DEPLOYMENT_TARGET = 17.0;
				LOCALIZATION_PREFERS_STRING_CATALOGS = YES;
				MTL_ENABLE_DEBUG_INFO = INCLUDE_SOURCE;
				MTL_FAST_MATH = YES;
				ONLY_ACTIVE_ARCH = YES;
				SDKROOT = iphoneos;
				SWIFT_ACTIVE_COMPILATION_CONDITIONS = "DEBUG $(inherited)";
				SWIFT_OPTIMIZATION_LEVEL = "-Onone";
			};
			name = Debug;
		};
		CE1DD3CD2C31D7E5001E315B /* Release */ = {
			isa = XCBuildConfiguration;
			buildSettings = {
				ALWAYS_SEARCH_USER_PATHS = NO;
				ASSETCATALOG_COMPILER_GENERATE_SWIFT_ASSET_SYMBOL_EXTENSIONS = YES;
				CLANG_ANALYZER_NONNULL = YES;
				CLANG_ANALYZER_NUMBER_OBJECT_CONVERSION = YES_AGGRESSIVE;
				CLANG_CXX_LANGUAGE_STANDARD = "gnu++20";
				CLANG_ENABLE_MODULES = YES;
				CLANG_ENABLE_OBJC_ARC = YES;
				CLANG_ENABLE_OBJC_WEAK = YES;
				CLANG_WARN_BLOCK_CAPTURE_AUTORELEASING = YES;
				CLANG_WARN_BOOL_CONVERSION = YES;
				CLANG_WARN_COMMA = YES;
				CLANG_WARN_CONSTANT_CONVERSION = YES;
				CLANG_WARN_DEPRECATED_OBJC_IMPLEMENTATIONS = YES;
				CLANG_WARN_DIRECT_OBJC_ISA_USAGE = YES_ERROR;
				CLANG_WARN_DOCUMENTATION_COMMENTS = YES;
				CLANG_WARN_EMPTY_BODY = YES;
				CLANG_WARN_ENUM_CONVERSION = YES;
				CLANG_WARN_INFINITE_RECURSION = YES;
				CLANG_WARN_INT_CONVERSION = YES;
				CLANG_WARN_NON_LITERAL_NULL_CONVERSION = YES;
				CLANG_WARN_OBJC_IMPLICIT_RETAIN_SELF = YES;
				CLANG_WARN_OBJC_LITERAL_CONVERSION = YES;
				CLANG_WARN_OBJC_ROOT_CLASS = YES_ERROR;
				CLANG_WARN_QUOTED_INCLUDE_IN_FRAMEWORK_HEADER = YES;
				CLANG_WARN_RANGE_LOOP_ANALYSIS = YES;
				CLANG_WARN_STRICT_PROTOTYPES = YES;
				CLANG_WARN_SUSPICIOUS_MOVE = YES;
				CLANG_WARN_UNGUARDED_AVAILABILITY = YES_AGGRESSIVE;
				CLANG_WARN_UNREACHABLE_CODE = YES;
				CLANG_WARN__DUPLICATE_METHOD_MATCH = YES;
				COPY_PHASE_STRIP = NO;
				DEBUG_INFORMATION_FORMAT = "dwarf-with-dsym";
				ENABLE_NS_ASSERTIONS = NO;
				ENABLE_STRICT_OBJC_MSGSEND = YES;
				ENABLE_USER_SCRIPT_SANDBOXING = YES;
				GCC_C_LANGUAGE_STANDARD = gnu17;
				GCC_NO_COMMON_BLOCKS = YES;
				GCC_WARN_64_TO_32_BIT_CONVERSION = YES;
				GCC_WARN_ABOUT_RETURN_TYPE = YES_ERROR;
				GCC_WARN_UNDECLARED_SELECTOR = YES;
				GCC_WARN_UNINITIALIZED_AUTOS = YES_AGGRESSIVE;
				GCC_WARN_UNUSED_FUNCTION = YES;
				GCC_WARN_UNUSED_VARIABLE = YES;
				IPHONEOS_DEPLOYMENT_TARGET = 17.0;
				LOCALIZATION_PREFERS_STRING_CATALOGS = YES;
				MTL_ENABLE_DEBUG_INFO = NO;
				MTL_FAST_MATH = YES;
				SDKROOT = iphoneos;
				SWIFT_COMPILATION_MODE = wholemodule;
				VALIDATE_PRODUCT = YES;
			};
			name = Release;
		};
		CE1DD3CF2C31D7E5001E315B /* Debug */ = {
			isa = XCBuildConfiguration;
			buildSettings = {
				ASSETCATALOG_COMPILER_APPICON_NAME = AppIcon;
				ASSETCATALOG_COMPILER_GLOBAL_ACCENT_COLOR_NAME = AccentColor;
				CODE_SIGN_STYLE = Automatic;
				CURRENT_PROJECT_VERSION = 1;
				DEVELOPMENT_ASSET_PATHS = "\"TrueShopa/Preview Content\"";
				DEVELOPMENT_TEAM = F2DAZJL548;
				ENABLE_PREVIEWS = YES;
				GENERATE_INFOPLIST_FILE = YES;
				INFOPLIST_KEY_UIApplicationSceneManifest_Generation = YES;
				INFOPLIST_KEY_UIApplicationSupportsIndirectInputEvents = YES;
				INFOPLIST_KEY_UILaunchScreen_Generation = YES;
				INFOPLIST_KEY_UISupportedInterfaceOrientations_iPad = "UIInterfaceOrientationPortrait UIInterfaceOrientationPortraitUpsideDown UIInterfaceOrientationLandscapeLeft UIInterfaceOrientationLandscapeRight";
				INFOPLIST_KEY_UISupportedInterfaceOrientations_iPhone = "UIInterfaceOrientationPortrait UIInterfaceOrientationLandscapeLeft UIInterfaceOrientationLandscapeRight";
				LD_RUNPATH_SEARCH_PATHS = (
					"$(inherited)",
					"@executable_path/Frameworks",
				);
				MARKETING_VERSION = 1.0;
				PRODUCT_BUNDLE_IDENTIFIER = com.godwin.TrueShopa;
				PRODUCT_NAME = "$(TARGET_NAME)";
				SWIFT_EMIT_LOC_STRINGS = YES;
				SWIFT_VERSION = 5.0;
				TARGETED_DEVICE_FAMILY = "1,2";
			};
			name = Debug;
		};
		CE1DD3D02C31D7E5001E315B /* Release */ = {
			isa = XCBuildConfiguration;
			buildSettings = {
				ASSETCATALOG_COMPILER_APPICON_NAME = AppIcon;
				ASSETCATALOG_COMPILER_GLOBAL_ACCENT_COLOR_NAME = AccentColor;
				CODE_SIGN_STYLE = Automatic;
				CURRENT_PROJECT_VERSION = 1;
				DEVELOPMENT_ASSET_PATHS = "\"TrueShopa/Preview Content\"";
				DEVELOPMENT_TEAM = F2DAZJL548;
				ENABLE_PREVIEWS = YES;
				GENERATE_INFOPLIST_FILE = YES;
				INFOPLIST_KEY_UIApplicationSceneManifest_Generation = YES;
				INFOPLIST_KEY_UIApplicationSupportsIndirectInputEvents = YES;
				INFOPLIST_KEY_UILaunchScreen_Generation = YES;
				INFOPLIST_KEY_UISupportedInterfaceOrientations_iPad = "UIInterfaceOrientationPortrait UIInterfaceOrientationPortraitUpsideDown UIInterfaceOrientationLandscapeLeft UIInterfaceOrientationLandscapeRight";
				INFOPLIST_KEY_UISupportedInterfaceOrientations_iPhone = "UIInterfaceOrientationPortrait UIInterfaceOrientationLandscapeLeft UIInterfaceOrientationLandscapeRight";
				LD_RUNPATH_SEARCH_PATHS = (
					"$(inherited)",
					"@executable_path/Frameworks",
				);
				MARKETING_VERSION = 1.0;
				PRODUCT_BUNDLE_IDENTIFIER = com.godwin.TrueShopa;
				PRODUCT_NAME = "$(TARGET_NAME)";
				SWIFT_EMIT_LOC_STRINGS = YES;
				SWIFT_VERSION = 5.0;
				TARGETED_DEVICE_FAMILY = "1,2";
			};
			name = Release;
		};
/* End XCBuildConfiguration section */

/* Begin XCConfigurationList section */
		CE1DD3BB2C31D7E3001E315B /* Build configuration list for PBXProject "TrueShopa" */ = {
			isa = XCConfigurationList;
			buildConfigurations = (
				CE1DD3CC2C31D7E5001E315B /* Debug */,
				CE1DD3CD2C31D7E5001E315B /* Release */,
			);
			defaultConfigurationIsVisible = 0;
			defaultConfigurationName = Release;
		};
		CE1DD3CE2C31D7E5001E315B /* Build configuration list for PBXNativeTarget "TrueShopa" */ = {
			isa = XCConfigurationList;
			buildConfigurations = (
				CE1DD3CF2C31D7E5001E315B /* Debug */,
				CE1DD3D02C31D7E5001E315B /* Release */,
			);
			defaultConfigurationIsVisible = 0;
			defaultConfigurationName = Release;
		};
/* End XCConfigurationList section */
	};
	rootObject = CE1DD3B82C31D7E3001E315B /* Project object */;
}
